
Microsoft Visual Studio Solution File, Format Version 12.00
# Visual Studio Version 16
VisualStudioVersion = 16.0.30804.86
MinimumVisualStudioVersion = 10.0.40219.1
Project("{2150E333-8FDC-42A3-9474-1A3956D46DE8}") = "Data", "Data", "{D553D595-CA96-47FF-B36B-1DA21405FC5D}"
EndProject
Project("{9A19103F-16F7-4668-BE54-9A1E7A4F7556}") = "Data.Db", "Data.Db\Data.Db.csproj", "{ED4F8204-E74C-41D4-9DB3-2C8D773590A7}"
EndProject
Project("{9A19103F-16F7-4668-BE54-9A1E7A4F7556}") = "Data.Entity", "Data.Entity\Data.Entity.csproj", "{43056610-D3E8-4B07-A674-8DD816C1C34B}"
EndProject
Project("{2150E333-8FDC-42A3-9474-1A3956D46DE8}") = "Api", "Api", "{111B42EA-EDEA-4709-8F66-214843CA419A}"
EndProject
Project("{9A19103F-16F7-4668-BE54-9A1E7A4F7556}") = "B2b.BusinessService", "Admin.BusinessService\B2b.BusinessService.csproj", "{6655BAF0-DCDF-46D2-BDE3-7041F4FA3B30}"
EndProject
Project("{9A19103F-16F7-4668-BE54-9A1E7A4F7556}") = "Core", "Core\Core.csproj", "{33B263A0-B5AF-471B-9273-3520C7CC8184}"
EndProject
Project("{2150E333-8FDC-42A3-9474-1A3956D46DE8}") = "Admin", "Admin", "{4E10DAE7-7942-4BB5-8444-39DA1EE323F0}"
EndProject
Project("{2150E333-8FDC-42A3-9474-1A3956D46DE8}") = "Common", "Common", "{BE8DA7C1-06DC-44F8-90CB-4D5C66511472}"
EndProject
Project("{9A19103F-16F7-4668-BE54-9A1E7A4F7556}") = "B2b.Admin", "B2b.Api\B2b.Admin.csproj", "{432846D7-5040-4138-8F99-88B73063862A}"
EndProject
Project("{2150E333-8FDC-42A3-9474-1A3956D46DE8}") = "ClientUI", "ClientUI", "{A0CDDE2F-4673-4E5F-B966-A951167BAD13}"
EndProject
Project("{9A19103F-16F7-4668-BE54-9A1E7A4F7556}") = "B2b.Web", "B2b.Web\B2b.Web.csproj", "{B427E87A-B9C7-4C34-8C85-2E97841C9241}"
EndProject
Project("{9A19103F-16F7-4668-BE54-9A1E7A4F7556}") = "ApiClient", "ApiClient\ApiClient.csproj", "{DE6C7D67-730F-4459-A41A-122800EC7515}"
EndProject
Global
	GlobalSection(SolutionConfigurationPlatforms) = preSolution
		Debug|Any CPU = Debug|Any CPU
		Release|Any CPU = Release|Any CPU
	EndGlobalSection
	GlobalSection(ProjectConfigurationPlatforms) = postSolution
		{ED4F8204-E74C-41D4-9DB3-2C8D773590A7}.Debug|Any CPU.ActiveCfg = Debug|Any CPU
		{ED4F8204-E74C-41D4-9DB3-2C8D773590A7}.Debug|Any CPU.Build.0 = Debug|Any CPU
		{ED4F8204-E74C-41D4-9DB3-2C8D773590A7}.Release|Any CPU.ActiveCfg = Release|Any CPU
		{ED4F8204-E74C-41D4-9DB3-2C8D773590A7}.Release|Any CPU.Build.0 = Release|Any CPU
		{43056610-D3E8-4B07-A674-8DD816C1C34B}.Debug|Any CPU.ActiveCfg = Debug|Any CPU
		{43056610-D3E8-4B07-A674-8DD816C1C34B}.Debug|Any CPU.Build.0 = Debug|Any CPU
		{43056610-D3E8-4B07-A674-8DD816C1C34B}.Release|Any CPU.ActiveCfg = Release|Any CPU
		{43056610-D3E8-4B07-A674-8DD816C1C34B}.Release|Any CPU.Build.0 = Release|Any CPU
		{6655BAF0-DCDF-46D2-BDE3-7041F4FA3B30}.Debug|Any CPU.ActiveCfg = Debug|Any CPU
		{6655BAF0-DCDF-46D2-BDE3-7041F4FA3B30}.Debug|Any CPU.Build.0 = Debug|Any CPU
		{6655BAF0-DCDF-46D2-BDE3-7041F4FA3B30}.Release|Any CPU.ActiveCfg = Release|Any CPU
		{6655BAF0-DCDF-46D2-BDE3-7041F4FA3B30}.Release|Any CPU.Build.0 = Release|Any CPU
		{33B263A0-B5AF-471B-9273-3520C7CC8184}.Debug|Any CPU.ActiveCfg = Debug|Any CPU
		{33B263A0-B5AF-471B-9273-3520C7CC8184}.Debug|Any CPU.Build.0 = Debug|Any CPU
		{33B263A0-B5AF-471B-9273-3520C7CC8184}.Release|Any CPU.ActiveCfg = Release|Any CPU
		{33B263A0-B5AF-471B-9273-3520C7CC8184}.Release|Any CPU.Build.0 = Release|Any CPU
		{432846D7-5040-4138-8F99-88B73063862A}.Debug|Any CPU.ActiveCfg = Debug|Any CPU
		{432846D7-5040-4138-8F99-88B73063862A}.Debug|Any CPU.Build.0 = Debug|Any CPU
		{432846D7-5040-4138-8F99-88B73063862A}.Release|Any CPU.ActiveCfg = Release|Any CPU
		{432846D7-5040-4138-8F99-88B73063862A}.Release|Any CPU.Build.0 = Release|Any CPU
		{B427E87A-B9C7-4C34-8C85-2E97841C9241}.Debug|Any CPU.ActiveCfg = Debug|Any CPU
		{B427E87A-B9C7-4C34-8C85-2E97841C9241}.Debug|Any CPU.Build.0 = Debug|Any CPU
		{B427E87A-B9C7-4C34-8C85-2E97841C9241}.Release|Any CPU.ActiveCfg = Release|Any CPU
		{B427E87A-B9C7-4C34-8C85-2E97841C9241}.Release|Any CPU.Build.0 = Release|Any CPU
		{DE6C7D67-730F-4459-A41A-122800EC7515}.Debug|Any CPU.ActiveCfg = Debug|Any CPU
		{DE6C7D67-730F-4459-A41A-122800EC7515}.Debug|Any CPU.Build.0 = Debug|Any CPU
		{DE6C7D67-730F-4459-A41A-122800EC7515}.Release|Any CPU.ActiveCfg = Release|Any CPU
		{DE6C7D67-730F-4459-A41A-122800EC7515}.Release|Any CPU.Build.0 = Release|Any CPU
	EndGlobalSection
	GlobalSection(SolutionProperties) = preSolution
		HideSolutionNode = FALSE
	EndGlobalSection
	GlobalSection(NestedProjects) = preSolution
		{ED4F8204-E74C-41D4-9DB3-2C8D773590A7} = {D553D595-CA96-47FF-B36B-1DA21405FC5D}
		{43056610-D3E8-4B07-A674-8DD816C1C34B} = {D553D595-CA96-47FF-B36B-1DA21405FC5D}
		{6655BAF0-DCDF-46D2-BDE3-7041F4FA3B30} = {BE8DA7C1-06DC-44F8-90CB-4D5C66511472}
		{33B263A0-B5AF-471B-9273-3520C7CC8184} = {111B42EA-EDEA-4709-8F66-214843CA419A}
		{432846D7-5040-4138-8F99-88B73063862A} = {4E10DAE7-7942-4BB5-8444-39DA1EE323F0}
		{B427E87A-B9C7-4C34-8C85-2E97841C9241} = {A0CDDE2F-4673-4E5F-B966-A951167BAD13}
		{DE6C7D67-730F-4459-A41A-122800EC7515} = {BE8DA7C1-06DC-44F8-90CB-4D5C66511472}
	EndGlobalSection
	GlobalSection(ExtensibilityGlobals) = postSolution
		SolutionGuid = {34537823-58A9-472E-9499-FE8A0B1D00E5}
	EndGlobalSection
EndGlobal
